// !$*UTF8*$!
{
	archiveVersion = 1;
	classes = {
	};
	objectVersion = 50;
	objects = {

/* Begin PBXBuildFile section */
		013BB87224D8BD05006212BA /* AppDelegate.swift in Sources */ = {isa = PBXBuildFile; fileRef = 013BB87124D8BD05006212BA /* AppDelegate.swift */; };
		013BB87424D8BD05006212BA /* SceneDelegate.swift in Sources */ = {isa = PBXBuildFile; fileRef = 013BB87324D8BD05006212BA /* SceneDelegate.swift */; };
		013BB87624D8BD05006212BA /* CurrentLocationViewController.swift in Sources */ = {isa = PBXBuildFile; fileRef = 013BB87524D8BD05006212BA /* CurrentLocationViewController.swift */; };
		013BB87B24D8BD05006212BA /* Main.storyboard in Resources */ = {isa = PBXBuildFile; fileRef = 013BB87924D8BD05006212BA /* Main.storyboard */; };
		013BB87D24D8BD0D006212BA /* Assets.xcassets in Resources */ = {isa = PBXBuildFile; fileRef = 013BB87C24D8BD0D006212BA /* Assets.xcassets */; };
		013BB88024D8BD0D006212BA /* LaunchScreen.storyboard in Resources */ = {isa = PBXBuildFile; fileRef = 013BB87E24D8BD0D006212BA /* LaunchScreen.storyboard */; };
		019EE1E724E209EC004B23E4 /* LocationDetailsViewController.swift in Sources */ = {isa = PBXBuildFile; fileRef = 019EE1E624E209EC004B23E4 /* LocationDetailsViewController.swift */; };
		019EE1EB24E23A94004B23E4 /* CategoryPickerViewController.swift in Sources */ = {isa = PBXBuildFile; fileRef = 019EE1EA24E23A94004B23E4 /* CategoryPickerViewController.swift */; };
		019EE1ED24E2FC69004B23E4 /* HudView.swift in Sources */ = {isa = PBXBuildFile; fileRef = 019EE1EC24E2FC69004B23E4 /* HudView.swift */; };
		019EE1EF24E3997E004B23E4 /* Functions.swift in Sources */ = {isa = PBXBuildFile; fileRef = 019EE1EE24E3997E004B23E4 /* Functions.swift */; };
		019EE1F224E5C12C004B23E4 /* DataModel.xcdatamodeld in Sources */ = {isa = PBXBuildFile; fileRef = 019EE1F024E5C12B004B23E4 /* DataModel.xcdatamodeld */; };
		019EE1F524E5C6E7004B23E4 /* Location+CoreDataClass.swift in Sources */ = {isa = PBXBuildFile; fileRef = 019EE1F324E5C6E7004B23E4 /* Location+CoreDataClass.swift */; };
		019EE1F624E5C6E7004B23E4 /* Location+CoreDataProperties.swift in Sources */ = {isa = PBXBuildFile; fileRef = 019EE1F424E5C6E7004B23E4 /* Location+CoreDataProperties.swift */; };
		019EE1F824EC5C84004B23E4 /* LocationsViewController.swift in Sources */ = {isa = PBXBuildFile; fileRef = 019EE1F724EC5C84004B23E4 /* LocationsViewController.swift */; };
		019EE1FA24EC67E5004B23E4 /* LocationCell.swift in Sources */ = {isa = PBXBuildFile; fileRef = 019EE1F924EC67E5004B23E4 /* LocationCell.swift */; };
		019EE1FC24EDA281004B23E4 /* MapViewController.swift in Sources */ = {isa = PBXBuildFile; fileRef = 019EE1FB24EDA281004B23E4 /* MapViewController.swift */; };
		019EE1FE24EF7D81004B23E4 /* UIImage+Resize.swift in Sources */ = {isa = PBXBuildFile; fileRef = 019EE1FD24EF7D81004B23E4 /* UIImage+Resize.swift */; };
		019EE20024F1C70C004B23E4 /* String+AddText.swift in Sources */ = {isa = PBXBuildFile; fileRef = 019EE1FF24F1C70C004B23E4 /* String+AddText.swift */; };
		019EE20224F1D799004B23E4 /* MyTabBarController.swift in Sources */ = {isa = PBXBuildFile; fileRef = 019EE20124F1D799004B23E4 /* MyTabBarController.swift */; };
		019EE20424F1D8B3004B23E4 /* MyImagePickerController.swift in Sources */ = {isa = PBXBuildFile; fileRef = 019EE20324F1D8B3004B23E4 /* MyImagePickerController.swift */; };
/* End PBXBuildFile section */

/* Begin PBXFileReference section */
		013BB86E24D8BD05006212BA /* MyLocations.app */ = {isa = PBXFileReference; explicitFileType = wrapper.application; includeInIndex = 0; path = MyLocations.app; sourceTree = BUILT_PRODUCTS_DIR; };
		013BB87124D8BD05006212BA /* AppDelegate.swift */ = {isa = PBXFileReference; lastKnownFileType = sourcecode.swift; path = AppDelegate.swift; sourceTree = "<group>"; };
		013BB87324D8BD05006212BA /* SceneDelegate.swift */ = {isa = PBXFileReference; lastKnownFileType = sourcecode.swift; path = SceneDelegate.swift; sourceTree = "<group>"; };
		013BB87524D8BD05006212BA /* CurrentLocationViewController.swift */ = {isa = PBXFileReference; lastKnownFileType = sourcecode.swift; path = CurrentLocationViewController.swift; sourceTree = "<group>"; };
		013BB87A24D8BD05006212BA /* Base */ = {isa = PBXFileReference; lastKnownFileType = file.storyboard; name = Base; path = Base.lproj/Main.storyboard; sourceTree = "<group>"; };
		013BB87C24D8BD0D006212BA /* Assets.xcassets */ = {isa = PBXFileReference; lastKnownFileType = folder.assetcatalog; path = Assets.xcassets; sourceTree = "<group>"; };
		013BB87F24D8BD0D006212BA /* Base */ = {isa = PBXFileReference; lastKnownFileType = file.storyboard; name = Base; path = Base.lproj/LaunchScreen.storyboard; sourceTree = "<group>"; };
		013BB88124D8BD0D006212BA /* Info.plist */ = {isa = PBXFileReference; lastKnownFileType = text.plist.xml; path = Info.plist; sourceTree = "<group>"; };
		019EE1E624E209EC004B23E4 /* LocationDetailsViewController.swift */ = {isa = PBXFileReference; lastKnownFileType = sourcecode.swift; path = LocationDetailsViewController.swift; sourceTree = "<group>"; };
		019EE1EA24E23A94004B23E4 /* CategoryPickerViewController.swift */ = {isa = PBXFileReference; lastKnownFileType = sourcecode.swift; path = CategoryPickerViewController.swift; sourceTree = "<group>"; };
		019EE1EC24E2FC69004B23E4 /* HudView.swift */ = {isa = PBXFileReference; lastKnownFileType = sourcecode.swift; path = HudView.swift; sourceTree = "<group>"; };
		019EE1EE24E3997E004B23E4 /* Functions.swift */ = {isa = PBXFileReference; lastKnownFileType = sourcecode.swift; path = Functions.swift; sourceTree = "<group>"; };
		019EE1F124E5C12C004B23E4 /* DataModel.xcdatamodel */ = {isa = PBXFileReference; lastKnownFileType = wrapper.xcdatamodel; path = DataModel.xcdatamodel; sourceTree = "<group>"; };
		019EE1F324E5C6E7004B23E4 /* Location+CoreDataClass.swift */ = {isa = PBXFileReference; lastKnownFileType = sourcecode.swift; path = "Location+CoreDataClass.swift"; sourceTree = "<group>"; };
		019EE1F424E5C6E7004B23E4 /* Location+CoreDataProperties.swift */ = {isa = PBXFileReference; lastKnownFileType = sourcecode.swift; path = "Location+CoreDataProperties.swift"; sourceTree = "<group>"; };
		019EE1F724EC5C84004B23E4 /* LocationsViewController.swift */ = {isa = PBXFileReference; lastKnownFileType = sourcecode.swift; path = LocationsViewController.swift; sourceTree = "<group>"; };
		019EE1F924EC67E5004B23E4 /* LocationCell.swift */ = {isa = PBXFileReference; lastKnownFileType = sourcecode.swift; path = LocationCell.swift; sourceTree = "<group>"; };
		019EE1FB24EDA281004B23E4 /* MapViewController.swift */ = {isa = PBXFileReference; lastKnownFileType = sourcecode.swift; path = MapViewController.swift; sourceTree = "<group>"; };
		019EE1FD24EF7D81004B23E4 /* UIImage+Resize.swift */ = {isa = PBXFileReference; lastKnownFileType = sourcecode.swift; path = "UIImage+Resize.swift"; sourceTree = "<group>"; };
		019EE1FF24F1C70C004B23E4 /* String+AddText.swift */ = {isa = PBXFileReference; lastKnownFileType = sourcecode.swift; path = "String+AddText.swift"; sourceTree = "<group>"; };
		019EE20124F1D799004B23E4 /* MyTabBarController.swift */ = {isa = PBXFileReference; lastKnownFileType = sourcecode.swift; path = MyTabBarController.swift; sourceTree = "<group>"; };
		019EE20324F1D8B3004B23E4 /* MyImagePickerController.swift */ = {isa = PBXFileReference; lastKnownFileType = sourcecode.swift; path = MyImagePickerController.swift; sourceTree = "<group>"; };
/* End PBXFileReference section */

/* Begin PBXFrameworksBuildPhase section */
		013BB86B24D8BD05006212BA /* Frameworks */ = {
			isa = PBXFrameworksBuildPhase;
			buildActionMask = 2147483647;
			files = (
			);
			runOnlyForDeploymentPostprocessing = 0;
		};
/* End PBXFrameworksBuildPhase section */

/* Begin PBXGroup section */
		013BB86524D8BD05006212BA = {
			isa = PBXGroup;
			children = (
				019EE1F324E5C6E7004B23E4 /* Location+CoreDataClass.swift */,
				019EE1F424E5C6E7004B23E4 /* Location+CoreDataProperties.swift */,
				013BB87024D8BD05006212BA /* MyLocations */,
				013BB86F24D8BD05006212BA /* Products */,
			);
			sourceTree = "<group>";
		};
		013BB86F24D8BD05006212BA /* Products */ = {
			isa = PBXGroup;
			children = (
				013BB86E24D8BD05006212BA /* MyLocations.app */,
			);
			name = Products;
			sourceTree = "<group>";
		};
		013BB87024D8BD05006212BA /* MyLocations */ = {
			isa = PBXGroup;
			children = (
				013BB87124D8BD05006212BA /* AppDelegate.swift */,
				013BB87324D8BD05006212BA /* SceneDelegate.swift */,
				013BB87524D8BD05006212BA /* CurrentLocationViewController.swift */,
				019EE1E624E209EC004B23E4 /* LocationDetailsViewController.swift */,
				019EE1EA24E23A94004B23E4 /* CategoryPickerViewController.swift */,
				019EE1F724EC5C84004B23E4 /* LocationsViewController.swift */,
				019EE1FB24EDA281004B23E4 /* MapViewController.swift */,
				019EE20124F1D799004B23E4 /* MyTabBarController.swift */,
				019EE20324F1D8B3004B23E4 /* MyImagePickerController.swift */,
				019EE1F924EC67E5004B23E4 /* LocationCell.swift */,
				019EE1FD24EF7D81004B23E4 /* UIImage+Resize.swift */,
				019EE1FF24F1C70C004B23E4 /* String+AddText.swift */,
				019EE1EC24E2FC69004B23E4 /* HudView.swift */,
				019EE1EE24E3997E004B23E4 /* Functions.swift */,
				019EE1F024E5C12B004B23E4 /* DataModel.xcdatamodeld */,
				013BB87924D8BD05006212BA /* Main.storyboard */,
				013BB87C24D8BD0D006212BA /* Assets.xcassets */,
				013BB87E24D8BD0D006212BA /* LaunchScreen.storyboard */,
				013BB88124D8BD0D006212BA /* Info.plist */,
			);
			path = MyLocations;
			sourceTree = "<group>";
		};
/* End PBXGroup section */

/* Begin PBXNativeTarget section */
		013BB86D24D8BD05006212BA /* MyLocations */ = {
			isa = PBXNativeTarget;
			buildConfigurationList = 013BB88424D8BD0D006212BA /* Build configuration list for PBXNativeTarget "MyLocations" */;
			buildPhases = (
				013BB86A24D8BD05006212BA /* Sources */,
				013BB86B24D8BD05006212BA /* Frameworks */,
				013BB86C24D8BD05006212BA /* Resources */,
			);
			buildRules = (
			);
			dependencies = (
			);
			name = MyLocations;
			productName = MyLocations;
			productReference = 013BB86E24D8BD05006212BA /* MyLocations.app */;
			productType = "com.apple.product-type.application";
		};
/* End PBXNativeTarget section */

/* Begin PBXProject section */
		013BB86624D8BD05006212BA /* Project object */ = {
			isa = PBXProject;
			attributes = {
				LastSwiftUpdateCheck = 1160;
				LastUpgradeCheck = 1160;
				ORGANIZATIONNAME = MelissaGarrett;
				TargetAttributes = {
					013BB86D24D8BD05006212BA = {
						CreatedOnToolsVersion = 11.6;
					};
				};
			};
			buildConfigurationList = 013BB86924D8BD05006212BA /* Build configuration list for PBXProject "MyLocations" */;
			compatibilityVersion = "Xcode 9.3";
			developmentRegion = en;
			hasScannedForEncodings = 0;
			knownRegions = (
				en,
				Base,
			);
			mainGroup = 013BB86524D8BD05006212BA;
			productRefGroup = 013BB86F24D8BD05006212BA /* Products */;
			projectDirPath = "";
			projectRoot = "";
			targets = (
				013BB86D24D8BD05006212BA /* MyLocations */,
			);
		};
/* End PBXProject section */

/* Begin PBXResourcesBuildPhase section */
		013BB86C24D8BD05006212BA /* Resources */ = {
			isa = PBXResourcesBuildPhase;
			buildActionMask = 2147483647;
			files = (
				013BB88024D8BD0D006212BA /* LaunchScreen.storyboard in Resources */,
				013BB87D24D8BD0D006212BA /* Assets.xcassets in Resources */,
				013BB87B24D8BD05006212BA /* Main.storyboard in Resources */,
			);
			runOnlyForDeploymentPostprocessing = 0;
		};
/* End PBXResourcesBuildPhase section */

/* Begin PBXSourcesBuildPhase section */
		013BB86A24D8BD05006212BA /* Sources */ = {
			isa = PBXSourcesBuildPhase;
			buildActionMask = 2147483647;
			files = (
				019EE1EB24E23A94004B23E4 /* CategoryPickerViewController.swift in Sources */,
				019EE1F624E5C6E7004B23E4 /* Location+CoreDataProperties.swift in Sources */,
				013BB87624D8BD05006212BA /* CurrentLocationViewController.swift in Sources */,
				019EE20424F1D8B3004B23E4 /* MyImagePickerController.swift in Sources */,
				019EE1EF24E3997E004B23E4 /* Functions.swift in Sources */,
				019EE1FA24EC67E5004B23E4 /* LocationCell.swift in Sources */,
				013BB87224D8BD05006212BA /* AppDelegate.swift in Sources */,
				013BB87424D8BD05006212BA /* SceneDelegate.swift in Sources */,
				019EE1FE24EF7D81004B23E4 /* UIImage+Resize.swift in Sources */,
				019EE1F224E5C12C004B23E4 /* DataModel.xcdatamodeld in Sources */,
				019EE20224F1D799004B23E4 /* MyTabBarController.swift in Sources */,
				019EE1ED24E2FC69004B23E4 /* HudView.swift in Sources */,
				019EE1F524E5C6E7004B23E4 /* Location+CoreDataClass.swift in Sources */,
				019EE1E724E209EC004B23E4 /* LocationDetailsViewController.swift in Sources */,
				019EE1F824EC5C84004B23E4 /* LocationsViewController.swift in Sources */,
				019EE1FC24EDA281004B23E4 /* MapViewController.swift in Sources */,
				019EE20024F1C70C004B23E4 /* String+AddText.swift in Sources */,
			);
			runOnlyForDeploymentPostprocessing = 0;
		};
/* End PBXSourcesBuildPhase section */

/* Begin PBXVariantGroup section */
		013BB87924D8BD05006212BA /* Main.storyboard */ = {
			isa = PBXVariantGroup;
			children = (
				013BB87A24D8BD05006212BA /* Base */,
			);
			name = Main.storyboard;
			sourceTree = "<group>";
		};
		013BB87E24D8BD0D006212BA /* LaunchScreen.storyboard */ = {
			isa = PBXVariantGroup;
			children = (
				013BB87F24D8BD0D006212BA /* Base */,
			);
			name = LaunchScreen.storyboard;
			sourceTree = "<group>";
		};
/* End PBXVariantGroup section */

/* Begin XCBuildConfiguration section */
		013BB88224D8BD0D006212BA /* Debug */ = {
			isa = XCBuildConfiguration;
			buildSettings = {
				ALWAYS_SEARCH_USER_PATHS = NO;
				CLANG_ANALYZER_NONNULL = YES;
				CLANG_ANALYZER_NUMBER_OBJECT_CONVERSION = YES_AGGRESSIVE;
				CLANG_CXX_LANGUAGE_STANDARD = "gnu++14";
				CLANG_CXX_LIBRARY = "libc++";
				CLANG_ENABLE_MODULES = YES;
				CLANG_ENABLE_OBJC_ARC = YES;
				CLANG_ENABLE_OBJC_WEAK = YES;
				CLANG_WARN_BLOCK_CAPTURE_AUTORELEASING = YES;
				CLANG_WARN_BOOL_CONVERSION = YES;
				CLANG_WARN_COMMA = YES;
				CLANG_WARN_CONSTANT_CONVERSION = YES;
				CLANG_WARN_DEPRECATED_OBJC_IMPLEMENTATIONS = YES;
				CLANG_WARN_DIRECT_OBJC_ISA_USAGE = YES_ERROR;
				CLANG_WARN_DOCUMENTATION_COMMENTS = YES;
				CLANG_WARN_EMPTY_BODY = YES;
				CLANG_WARN_ENUM_CONVERSION = YES;
				CLANG_WARN_INFINITE_RECURSION = YES;
				CLANG_WARN_INT_CONVERSION = YES;
				CLANG_WARN_NON_LITERAL_NULL_CONVERSION = YES;
				CLANG_WARN_OBJC_IMPLICIT_RETAIN_SELF = YES;
				CLANG_WARN_OBJC_LITERAL_CONVERSION = YES;
				CLANG_WARN_OBJC_ROOT_CLASS = YES_ERROR;
				CLANG_WARN_RANGE_LOOP_ANALYSIS = YES;
				CLANG_WARN_STRICT_PROTOTYPES = YES;
				CLANG_WARN_SUSPICIOUS_MOVE = YES;
				CLANG_WARN_UNGUARDED_AVAILABILITY = YES_AGGRESSIVE;
				CLANG_WARN_UNREACHABLE_CODE = YES;
				CLANG_WARN__DUPLICATE_METHOD_MATCH = YES;
				COPY_PHASE_STRIP = NO;
				DEBUG_INFORMATION_FORMAT = dwarf;
				ENABLE_STRICT_OBJC_MSGSEND = YES;
				ENABLE_TESTABILITY = YES;
				GCC_C_LANGUAGE_STANDARD = gnu11;
				GCC_DYNAMIC_NO_PIC = NO;
				GCC_NO_COMMON_BLOCKS = YES;
				GCC_OPTIMIZATION_LEVEL = 0;
				GCC_PREPROCESSOR_DEFINITIONS = (
					"DEBUG=1",
					"$(inherited)",
				);
				GCC_WARN_64_TO_32_BIT_CONVERSION = YES;
				GCC_WARN_ABOUT_RETURN_TYPE = YES_ERROR;
				GCC_WARN_UNDECLARED_SELECTOR = YES;
				GCC_WARN_UNINITIALIZED_AUTOS = YES_AGGRESSIVE;
				GCC_WARN_UNUSED_FUNCTION = YES;
				GCC_WARN_UNUSED_VARIABLE = YES;
				IPHONEOS_DEPLOYMENT_TARGET = 13.6;
				MTL_ENABLE_DEBUG_INFO = INCLUDE_SOURCE;
				MTL_FAST_MATH = YES;
				ONLY_ACTIVE_ARCH = YES;
				SDKROOT = iphoneos;
				SWIFT_ACTIVE_COMPILATION_CONDITIONS = DEBUG;
				SWIFT_OPTIMIZATION_LEVEL = "-Onone";
			};
			name = Debug;
		};
		013BB88324D8BD0D006212BA /* Release */ = {
			isa = XCBuildConfiguration;
			buildSettings = {
				ALWAYS_SEARCH_USER_PATHS = NO;
				CLANG_ANALYZER_NONNULL = YES;
				CLANG_ANALYZER_NUMBER_OBJECT_CONVERSION = YES_AGGRESSIVE;
				CLANG_CXX_LANGUAGE_STANDARD = "gnu++14";
				CLANG_CXX_LIBRARY = "libc++";
				CLANG_ENABLE_MODULES = YES;
				CLANG_ENABLE_OBJC_ARC = YES;
				CLANG_ENABLE_OBJC_WEAK = YES;
				CLANG_WARN_BLOCK_CAPTURE_AUTORELEASING = YES;
				CLANG_WARN_BOOL_CONVERSION = YES;
				CLANG_WARN_COMMA = YES;
				CLANG_WARN_CONSTANT_CONVERSION = YES;
				CLANG_WARN_DEPRECATED_OBJC_IMPLEMENTATIONS = YES;
				CLANG_WARN_DIRECT_OBJC_ISA_USAGE = YES_ERROR;
				CLANG_WARN_DOCUMENTATION_COMMENTS = YES;
				CLANG_WARN_EMPTY_BODY = YES;
				CLANG_WARN_ENUM_CONVERSION = YES;
				CLANG_WARN_INFINITE_RECURSION = YES;
				CLANG_WARN_INT_CONVERSION = YES;
				CLANG_WARN_NON_LITERAL_NULL_CONVERSION = YES;
				CLANG_WARN_OBJC_IMPLICIT_RETAIN_SELF = YES;
				CLANG_WARN_OBJC_LITERAL_CONVERSION = YES;
				CLANG_WARN_OBJC_ROOT_CLASS = YES_ERROR;
				CLANG_WARN_RANGE_LOOP_ANALYSIS = YES;
				CLANG_WARN_STRICT_PROTOTYPES = YES;
				CLANG_WARN_SUSPICIOUS_MOVE = YES;
				CLANG_WARN_UNGUARDED_AVAILABILITY = YES_AGGRESSIVE;
				CLANG_WARN_UNREACHABLE_CODE = YES;
				CLANG_WARN__DUPLICATE_METHOD_MATCH = YES;
				COPY_PHASE_STRIP = NO;
				DEBUG_INFORMATION_FORMAT = "dwarf-with-dsym";
				ENABLE_NS_ASSERTIONS = NO;
				ENABLE_STRICT_OBJC_MSGSEND = YES;
				GCC_C_LANGUAGE_STANDARD = gnu11;
				GCC_NO_COMMON_BLOCKS = YES;
				GCC_WARN_64_TO_32_BIT_CONVERSION = YES;
				GCC_WARN_ABOUT_RETURN_TYPE = YES_ERROR;
				GCC_WARN_UNDECLARED_SELECTOR = YES;
				GCC_WARN_UNINITIALIZED_AUTOS = YES_AGGRESSIVE;
				GCC_WARN_UNUSED_FUNCTION = YES;
				GCC_WARN_UNUSED_VARIABLE = YES;
				IPHONEOS_DEPLOYMENT_TARGET = 13.6;
				MTL_ENABLE_DEBUG_INFO = NO;
				MTL_FAST_MATH = YES;
				SDKROOT = iphoneos;
				SWIFT_COMPILATION_MODE = wholemodule;
				SWIFT_OPTIMIZATION_LEVEL = "-O";
				VALIDATE_PRODUCT = YES;
			};
			name = Release;
		};
		013BB88524D8BD0D006212BA /* Debug */ = {
			isa = XCBuildConfiguration;
			buildSettings = {
				ASSETCATALOG_COMPILER_APPICON_NAME = AppIcon;
				CODE_SIGN_STYLE = Automatic;
				DEVELOPMENT_TEAM = DG4WJC99E5;
				INFOPLIST_FILE = MyLocations/Info.plist;
				LD_RUNPATH_SEARCH_PATHS = (
					"$(inherited)",
					"@executable_path/Frameworks",
				);
				PRODUCT_BUNDLE_IDENTIFIER = com.melissagarrett.MyLocations;
				PRODUCT_NAME = "$(TARGET_NAME)";
				SWIFT_VERSION = 5.0;
				TARGETED_DEVICE_FAMILY = "1,2";
			};
			name = Debug;
		};
		013BB88624D8BD0D006212BA /* Release */ = {
			isa = XCBuildConfiguration;
			buildSettings = {
				ASSETCATALOG_COMPILER_APPICON_NAME = AppIcon;
				CODE_SIGN_STYLE = Automatic;
				DEVELOPMENT_TEAM = DG4WJC99E5;
				INFOPLIST_FILE = MyLocations/Info.plist;
				LD_RUNPATH_SEARCH_PATHS = (
					"$(inherited)",
					"@executable_path/Frameworks",
				);
				PRODUCT_BUNDLE_IDENTIFIER = com.melissagarrett.MyLocations;
				PRODUCT_NAME = "$(TARGET_NAME)";
				SWIFT_VERSION = 5.0;
				TARGETED_DEVICE_FAMILY = "1,2";
			};
			name = Release;
		};
/* End XCBuildConfiguration section */

/* Begin XCConfigurationList section */
		013BB86924D8BD05006212BA /* Build configuration list for PBXProject "MyLocations" */ = {
			isa = XCConfigurationList;
			buildConfigurations = (
				013BB88224D8BD0D006212BA /* Debug */,
				013BB88324D8BD0D006212BA /* Release */,
			);
			defaultConfigurationIsVisible = 0;
			defaultConfigurationName = Release;
		};
		013BB88424D8BD0D006212BA /* Build configuration list for PBXNativeTarget "MyLocations" */ = {
			isa = XCConfigurationList;
			buildConfigurations = (
				013BB88524D8BD0D006212BA /* Debug */,
				013BB88624D8BD0D006212BA /* Release */,
			);
			defaultConfigurationIsVisible = 0;
			defaultConfigurationName = Release;
		};
/* End XCConfigurationList section */

/* Begin XCVersionGroup section */
		019EE1F024E5C12B004B23E4 /* DataModel.xcdatamodeld */ = {
			isa = XCVersionGroup;
			children = (
				019EE1F124E5C12C004B23E4 /* DataModel.xcdatamodel */,
			);
			currentVersion = 019EE1F124E5C12C004B23E4 /* DataModel.xcdatamodel */;
			path = DataModel.xcdatamodeld;
			sourceTree = "<group>";
			versionGroupType = wrapper.xcdatamodel;
		};
/* End XCVersionGroup section */
	};
	rootObject = 013BB86624D8BD05006212BA /* Project object */;
}
